{
    "_readme": [
        "This file locks the dependencies of your project to a known state",
        "Read more about it at https://getcomposer.org/doc/01-basic-usage.md#composer-lock-the-lock-file",
        "This file is @generated automatically"
    ],
    "hash": "799169eaf5a1f155e0f2072806d8e7f5",
    "content-hash": "e8282caa55d168b6dcdbde13458e3003",
    "packages": [
        {
            "name": "doctrine/inflector",
            "version": "dev-master",
            "source": {
                "type": "git",
                "url": "https://github.com/doctrine/inflector.git",
                "reference": "90b2128806bfde671b6952ab8bea493942c1fdae"
            },
            "dist": {
                "type": "zip",
                "url": "https://api.github.com/repos/doctrine/inflector/zipball/90b2128806bfde671b6952ab8bea493942c1fdae",
                "reference": "90b2128806bfde671b6952ab8bea493942c1fdae",
                "shasum": ""
            },
            "require": {
                "php": ">=5.3.2"
            },
            "require-dev": {
                "phpunit/phpunit": "4.*"
            },
            "type": "library",
            "extra": {
                "branch-alias": {
                    "dev-master": "1.1.x-dev"
                }
            },
            "autoload": {
                "psr-0": {
                    "Doctrine\\Common\\Inflector\\": "lib/"
                }
            },
            "notification-url": "https://packagist.org/downloads/",
            "license": [
                "MIT"
            ],
            "authors": [
                {
                    "name": "Roman Borschel",
                    "email": "roman@code-factory.org"
                },
                {
                    "name": "Benjamin Eberlei",
                    "email": "kontakt@beberlei.de"
                },
                {
                    "name": "Guilherme Blanco",
                    "email": "guilhermeblanco@gmail.com"
                },
                {
                    "name": "Jonathan Wage",
                    "email": "jonwage@gmail.com"
                },
                {
                    "name": "Johannes Schmitt",
                    "email": "schmittjoh@gmail.com"
                }
            ],
            "description": "Common String Manipulations with regard to casing and singular/plural rules.",
            "homepage": "http://www.doctrine-project.org",
            "keywords": [
                "inflection",
                "pluralize",
                "singularize",
                "string"
            ],
            "time": "2015-11-06 14:35:42"
        },
        {
            "name": "illuminate/config",
            "version": "5.2.x-dev",
            "source": {
                "type": "git",
                "url": "https://github.com/illuminate/config.git",
                "reference": "29d25fa086eac092a54859b3cbf7580299fc101e"
            },
            "dist": {
                "type": "zip",
                "url": "https://api.github.com/repos/illuminate/config/zipball/29d25fa086eac092a54859b3cbf7580299fc101e",
                "reference": "29d25fa086eac092a54859b3cbf7580299fc101e",
                "shasum": ""
            },
            "require": {
                "illuminate/contracts": "5.2.*",
                "illuminate/filesystem": "5.2.*",
                "illuminate/support": "5.2.*",
                "php": ">=5.5.9"
            },
            "type": "library",
            "extra": {
                "branch-alias": {
                    "dev-master": "5.2-dev"
                }
            },
            "autoload": {
                "psr-4": {
                    "Illuminate\\Config\\": ""
                }
            },
            "notification-url": "https://packagist.org/downloads/",
            "license": [
                "MIT"
            ],
            "authors": [
                {
                    "name": "Taylor Otwell",
                    "email": "taylorotwell@gmail.com"
                }
            ],
            "description": "The Illuminate Config package.",
            "homepage": "http://laravel.com",
            "time": "2015-06-22 20:36:58"
        },
        {
            "name": "illuminate/container",
            "version": "5.2.x-dev",
            "source": {
                "type": "git",
                "url": "https://github.com/illuminate/container.git",
                "reference": "17192553b2d14baa0af98ff2ff77a3f91ab06232"
            },
            "dist": {
                "type": "zip",
                "url": "https://api.github.com/repos/illuminate/container/zipball/17192553b2d14baa0af98ff2ff77a3f91ab06232",
                "reference": "17192553b2d14baa0af98ff2ff77a3f91ab06232",
                "shasum": ""
            },
            "require": {
                "illuminate/contracts": "5.2.*",
                "php": ">=5.5.9"
            },
            "type": "library",
            "extra": {
                "branch-alias": {
                    "dev-master": "5.2-dev"
                }
            },
            "autoload": {
                "psr-4": {
                    "Illuminate\\Container\\": ""
                }
            },
            "notification-url": "https://packagist.org/downloads/",
            "license": [
                "MIT"
            ],
            "authors": [
                {
                    "name": "Taylor Otwell",
                    "email": "taylorotwell@gmail.com"
                }
            ],
            "description": "The Illuminate Container package.",
            "homepage": "http://laravel.com",
            "time": "2015-12-23 01:00:15"
        },
        {
            "name": "illuminate/contracts",
            "version": "5.2.x-dev",
            "source": {
                "type": "git",
                "url": "https://github.com/illuminate/contracts.git",
                "reference": "65ba0830f51da1cbaa1df38ff955c9df228daf7f"
            },
            "dist": {
                "type": "zip",
                "url": "https://api.github.com/repos/illuminate/contracts/zipball/65ba0830f51da1cbaa1df38ff955c9df228daf7f",
                "reference": "65ba0830f51da1cbaa1df38ff955c9df228daf7f",
                "shasum": ""
            },
            "require": {
                "php": ">=5.5.9"
            },
            "type": "library",
            "extra": {
                "branch-alias": {
                    "dev-master": "5.2-dev"
                }
            },
            "autoload": {
                "psr-4": {
                    "Illuminate\\Contracts\\": ""
                }
            },
            "notification-url": "https://packagist.org/downloads/",
            "license": [
                "MIT"
            ],
            "authors": [
                {
                    "name": "Taylor Otwell",
                    "email": "taylorotwell@gmail.com"
                }
            ],
            "description": "The Illuminate Contracts package.",
            "homepage": "http://laravel.com",
            "time": "2015-12-19 14:25:38"
        },
        {
            "name": "illuminate/filesystem",
            "version": "5.2.x-dev",
            "source": {
                "type": "git",
                "url": "https://github.com/illuminate/filesystem.git",
                "reference": "a2d2815b8dcd825377d5c52c75170fcad7a9b9cb"
            },
            "dist": {
                "type": "zip",
                "url": "https://api.github.com/repos/illuminate/filesystem/zipball/a2d2815b8dcd825377d5c52c75170fcad7a9b9cb",
                "reference": "a2d2815b8dcd825377d5c52c75170fcad7a9b9cb",
                "shasum": ""
            },
            "require": {
                "illuminate/contracts": "5.2.*",
                "illuminate/support": "5.2.*",
                "php": ">=5.5.9",
                "symfony/finder": "2.8.*|3.0.*"
            },
            "suggest": {
                "league/flysystem": "Required to use the Flysystem local and FTP drivers (~1.0).",
                "league/flysystem-aws-s3-v3": "Required to use the Flysystem S3 driver (~1.0).",
                "league/flysystem-rackspace": "Required to use the Flysystem Rackspace driver (~1.0)."
            },
            "type": "library",
            "extra": {
                "branch-alias": {
                    "dev-master": "5.2-dev"
                }
            },
            "autoload": {
                "psr-4": {
                    "Illuminate\\Filesystem\\": ""
                }
            },
            "notification-url": "https://packagist.org/downloads/",
            "license": [
                "MIT"
            ],
            "authors": [
                {
                    "name": "Taylor Otwell",
                    "email": "taylorotwell@gmail.com"
                }
            ],
            "description": "The Illuminate Filesystem package.",
            "homepage": "http://laravel.com",
            "time": "2015-12-20 15:49:15"
        },
        {
            "name": "illuminate/http",
            "version": "5.2.x-dev",
            "source": {
                "type": "git",
                "url": "https://github.com/illuminate/http.git",
                "reference": "e9b5d0843ff6d5bde4ed316797478cbed9677faa"
            },
            "dist": {
                "type": "zip",
                "url": "https://api.github.com/repos/illuminate/http/zipball/e9b5d0843ff6d5bde4ed316797478cbed9677faa",
                "reference": "e9b5d0843ff6d5bde4ed316797478cbed9677faa",
                "shasum": ""
            },
            "require": {
                "illuminate/session": "5.2.*",
                "illuminate/support": "5.2.*",
                "php": ">=5.5.9",
                "symfony/http-foundation": "2.8.*|3.0.*",
                "symfony/http-kernel": "2.8.*|3.0.*"
            },
            "type": "library",
            "extra": {
                "branch-alias": {
                    "dev-master": "5.2-dev"
                }
            },
            "autoload": {
                "psr-4": {
                    "Illuminate\\Http\\": ""
                }
            },
            "notification-url": "https://packagist.org/downloads/",
            "license": [
                "MIT"
            ],
            "authors": [
                {
                    "name": "Taylor Otwell",
                    "email": "taylorotwell@gmail.com"
                }
            ],
            "description": "The Illuminate Http package.",
            "homepage": "http://laravel.com",
            "time": "2015-12-20 20:04:47"
        },
        {
            "name": "illuminate/pipeline",
            "version": "5.2.x-dev",
            "source": {
                "type": "git",
                "url": "https://github.com/illuminate/pipeline.git",
                "reference": "0ba4095c46fdc26da52811395e94f49f0b68b896"
            },
            "dist": {
                "type": "zip",
                "url": "https://api.github.com/repos/illuminate/pipeline/zipball/0ba4095c46fdc26da52811395e94f49f0b68b896",
                "reference": "0ba4095c46fdc26da52811395e94f49f0b68b896",
                "shasum": ""
            },
            "require": {
                "illuminate/contracts": "5.2.*",
                "illuminate/support": "5.2.*",
                "php": ">=5.5.9"
            },
            "type": "library",
            "extra": {
                "branch-alias": {
                    "dev-master": "5.2-dev"
                }
            },
            "autoload": {
                "psr-4": {
                    "Illuminate\\Pipeline\\": ""
                }
            },
            "notification-url": "https://packagist.org/downloads/",
            "license": [
                "MIT"
            ],
            "authors": [
                {
                    "name": "Taylor Otwell",
                    "email": "taylorotwell@gmail.com"
                }
            ],
            "description": "The Illuminate Pipeline package.",
            "homepage": "http://laravel.com",
            "time": "2015-12-10 18:01:38"
        },
        {
            "name": "illuminate/routing",
            "version": "5.2.x-dev",
            "source": {
                "type": "git",
                "url": "https://github.com/illuminate/routing.git",
                "reference": "7bb8d2cdab4d3a364e60fa7434767d81662a1c15"
            },
            "dist": {
                "type": "zip",
                "url": "https://api.github.com/repos/illuminate/routing/zipball/aac4973f37d686c056a5c9b03ab03e66140a3d9a",
                "reference": "7bb8d2cdab4d3a364e60fa7434767d81662a1c15",
                "shasum": ""
            },
            "require": {
                "illuminate/container": "5.2.*",
                "illuminate/contracts": "5.2.*",
                "illuminate/http": "5.2.*",
                "illuminate/pipeline": "5.2.*",
                "illuminate/session": "5.2.*",
                "illuminate/support": "5.2.*",
                "php": ">=5.5.9",
                "symfony/debug": "2.8.*|3.0.*",
                "symfony/http-foundation": "2.8.*|3.0.*",
                "symfony/http-kernel": "2.8.*|3.0.*",
                "symfony/routing": "2.8.*|3.0.*"
            },
            "suggest": {
                "illuminate/console": "Required to use the make commands (5.2.*)."
            },
            "type": "library",
            "extra": {
                "branch-alias": {
                    "dev-master": "5.2-dev"
                }
            },
            "autoload": {
                "psr-4": {
                    "Illuminate\\Routing\\": ""
                }
            },
            "notification-url": "https://packagist.org/downloads/",
            "license": [
                "MIT"
            ],
            "authors": [
                {
                    "name": "Taylor Otwell",
                    "email": "taylorotwell@gmail.com"
                }
            ],
            "description": "The Illuminate Routing package.",
            "homepage": "http://laravel.com",
            "time": "2015-12-21 16:45:17"
        },
        {
            "name": "illuminate/session",
            "version": "5.2.x-dev",
            "source": {
                "type": "git",
                "url": "https://github.com/illuminate/session.git",
                "reference": "905217482c16fb68862db4ff2f428ec3ff78d8dc"
            },
            "dist": {
                "type": "zip",
                "url": "https://api.github.com/repos/illuminate/session/zipball/81bd4edc19e05323f5283bc8af7947045486860a",
                "reference": "905217482c16fb68862db4ff2f428ec3ff78d8dc",
                "shasum": ""
            },
            "require": {
                "illuminate/contracts": "5.2.*",
                "illuminate/support": "5.2.*",
                "nesbot/carbon": "~1.20",
                "php": ">=5.5.9",
                "symfony/finder": "2.8.*|3.0.*",
                "symfony/http-foundation": "2.8.*|3.0.*"
            },
            "suggest": {
                "illuminate/console": "Required to use the session:table command (5.2.*)."
            },
            "type": "library",
            "extra": {
                "branch-alias": {
                    "dev-master": "5.2-dev"
                }
            },
            "autoload": {
                "psr-4": {
                    "Illuminate\\Session\\": ""
                }
            },
            "notification-url": "https://packagist.org/downloads/",
            "license": [
                "MIT"
            ],
            "authors": [
                {
                    "name": "Taylor Otwell",
                    "email": "taylorotwell@gmail.com"
                }
            ],
            "description": "The Illuminate Session package.",
            "homepage": "http://laravel.com",
            "time": "2015-12-08 15:10:00"
        },
        {
            "name": "illuminate/support",
            "version": "5.2.x-dev",
            "source": {
                "type": "git",
                "url": "https://github.com/illuminate/support.git",
                "reference": "2aa2d981d251b309f3cb2d57ac95fed0cb17df88"
            },
            "dist": {
                "type": "zip",
                "url": "https://api.github.com/repos/illuminate/support/zipball/9b0bf9de6deab284958df1738c427377ed23546b",
                "reference": "2aa2d981d251b309f3cb2d57ac95fed0cb17df88",
                "shasum": ""
            },
            "require": {
                "doctrine/inflector": "~1.0",
                "ext-mbstring": "*",
                "illuminate/contracts": "5.2.*",
                "php": ">=5.5.9"
            },
            "suggest": {
                "illuminate/filesystem": "Required to use the composer class (5.2.*).",
                "jeremeamia/superclosure": "Required to be able to serialize closures (~2.2).",
                "paragonie/random_compat": "Provides a compatible interface like PHP7's random_bytes() in PHP 5 projects (~1.1).",
                "symfony/polyfill-php56": "Required to use the hash_equals function on PHP 5.5 (~1.0).",
                "symfony/process": "Required to use the composer class (2.8.*|3.0.*).",
                "symfony/var-dumper": "Improves the dd function (2.8.*|3.0.*)."
            },
            "type": "library",
            "extra": {
                "branch-alias": {
                    "dev-master": "5.2-dev"
                }
            },
            "autoload": {
                "psr-4": {
                    "Illuminate\\Support\\": ""
                },
                "files": [
                    "helpers.php"
                ]
            },
            "notification-url": "https://packagist.org/downloads/",
            "license": [
                "MIT"
            ],
            "authors": [
                {
                    "name": "Taylor Otwell",
                    "email": "taylorotwell@gmail.com"
                }
            ],
            "description": "The Illuminate Support package.",
            "homepage": "http://laravel.com",
            "time": "2015-12-22 16:42:39"
        },
        {
            "name": "nesbot/carbon",
            "version": "1.21.0",
            "source": {
                "type": "git",
                "url": "https://github.com/briannesbitt/Carbon.git",
                "reference": "7b08ec6f75791e130012f206e3f7b0e76e18e3d7"
            },
            "dist": {
                "type": "zip",
                "url": "https://api.github.com/repos/briannesbitt/Carbon/zipball/7b08ec6f75791e130012f206e3f7b0e76e18e3d7",
                "reference": "7b08ec6f75791e130012f206e3f7b0e76e18e3d7",
                "shasum": ""
            },
            "require": {
                "php": ">=5.3.0",
                "symfony/translation": "~2.6|~3.0"
            },
            "require-dev": {
                "phpunit/phpunit": "~4.0|~5.0"
            },
            "type": "library",
            "autoload": {
                "psr-4": {
                    "Carbon\\": "src/Carbon/"
                }
            },
            "notification-url": "https://packagist.org/downloads/",
            "license": [
                "MIT"
            ],
            "authors": [
                {
                    "name": "Brian Nesbitt",
                    "email": "brian@nesbot.com",
                    "homepage": "http://nesbot.com"
                }
            ],
            "description": "A simple API extension for DateTime.",
            "homepage": "http://carbon.nesbot.com",
            "keywords": [
                "date",
                "datetime",
                "time"
            ],
            "time": "2015-11-04 20:07:17"
        },
        {
            "name": "psr/log",
            "version": "dev-master",
            "source": {
                "type": "git",
                "url": "https://github.com/php-fig/log.git",
                "reference": "9e45edca52cc9c954680072c93e621f8b71fab26"
            },
            "dist": {
                "type": "zip",
                "url": "https://api.github.com/repos/php-fig/log/zipball/9e45edca52cc9c954680072c93e621f8b71fab26",
                "reference": "9e45edca52cc9c954680072c93e621f8b71fab26",
                "shasum": ""
            },
            "require": {
                "php": ">=5.3.0"
            },
            "type": "library",
            "extra": {
                "branch-alias": {
                    "dev-master": "1.0.x-dev"
                }
            },
            "autoload": {
                "psr-4": {
                    "Psr\\Log\\": "Psr/Log/"
                }
            },
            "notification-url": "https://packagist.org/downloads/",
            "license": [
                "MIT"
            ],
            "authors": [
                {
                    "name": "PHP-FIG",
                    "homepage": "http://www.php-fig.org/"
                }
            ],
            "description": "Common interface for logging libraries",
            "keywords": [
                "log",
                "psr",
                "psr-3"
            ],
            "time": "2015-06-02 13:48:41"
        },
        {
            "name": "symfony/debug",
            "version": "3.0.x-dev",
            "source": {
                "type": "git",
                "url": "https://github.com/symfony/debug.git",
                "reference": "4282ff2e8a736d07068f98a2450d84d1bb9e0748"
            },
            "dist": {
                "type": "zip",
                "url": "https://api.github.com/repos/symfony/debug/zipball/2191d01d7708c57d131ce67de81355cdaa791ff3",
                "reference": "4282ff2e8a736d07068f98a2450d84d1bb9e0748",
                "shasum": ""
            },
            "require": {
                "php": ">=5.5.9",
                "psr/log": "~1.0"
            },
            "conflict": {
                "symfony/http-kernel": ">=2.3,<2.3.24|~2.4.0|>=2.5,<2.5.9|>=2.6,<2.6.2"
            },
            "require-dev": {
                "symfony/class-loader": "~2.8|~3.0",
                "symfony/http-kernel": "~2.8|~3.0"
            },
            "type": "library",
            "extra": {
                "branch-alias": {
                    "dev-master": "3.0-dev"
                }
            },
            "autoload": {
                "psr-4": {
                    "Symfony\\Component\\Debug\\": ""
                },
                "exclude-from-classmap": [
                    "/Tests/"
                ]
            },
            "notification-url": "https://packagist.org/downloads/",
            "license": [
                "MIT"
            ],
            "authors": [
                {
                    "name": "Fabien Potencier",
                    "email": "fabien@symfony.com"
                },
                {
                    "name": "Symfony Community",
                    "homepage": "https://symfony.com/contributors"
                }
            ],
            "description": "Symfony Debug Component",
            "homepage": "https://symfony.com",
            "time": "2015-12-09 00:47:17"
        },
        {
            "name": "symfony/event-dispatcher",
            "version": "dev-master",
            "source": {
                "type": "git",
                "url": "https://github.com/symfony/event-dispatcher.git",
                "reference": "ae978c6a5289e42111b2fadd38fb0b53f772cd66"
            },
            "dist": {
                "type": "zip",
                "url": "https://api.github.com/repos/symfony/event-dispatcher/zipball/ae978c6a5289e42111b2fadd38fb0b53f772cd66",
                "reference": "ae978c6a5289e42111b2fadd38fb0b53f772cd66",
                "shasum": ""
            },
            "require": {
                "php": ">=5.5.9"
            },
            "require-dev": {
                "psr/log": "~1.0",
                "symfony/config": "~2.8|~3.0",
                "symfony/dependency-injection": "~2.8|~3.0",
                "symfony/expression-language": "~2.8|~3.0",
                "symfony/stopwatch": "~2.8|~3.0"
            },
            "suggest": {
                "symfony/dependency-injection": "",
                "symfony/http-kernel": ""
            },
            "type": "library",
            "extra": {
                "branch-alias": {
                    "dev-master": "3.1-dev"
                }
            },
            "autoload": {
                "psr-4": {
                    "Symfony\\Component\\EventDispatcher\\": ""
                },
                "exclude-from-classmap": [
                    "/Tests/"
                ]
            },
            "notification-url": "https://packagist.org/downloads/",
            "license": [
                "MIT"
            ],
            "authors": [
                {
                    "name": "Fabien Potencier",
                    "email": "fabien@symfony.com"
                },
                {
                    "name": "Symfony Community",
                    "homepage": "https://symfony.com/contributors"
                }
            ],
            "description": "Symfony EventDispatcher Component",
            "homepage": "https://symfony.com",
            "time": "2015-11-30 21:39:17"
        },
        {
            "name": "symfony/finder",
            "version": "3.0.x-dev",
            "source": {
                "type": "git",
                "url": "https://github.com/symfony/finder.git",
                "reference": "8617895eb798b6bdb338321ce19453dc113e5675"
            },
            "dist": {
                "type": "zip",
                "url": "https://api.github.com/repos/symfony/finder/zipball/8617895eb798b6bdb338321ce19453dc113e5675",
                "reference": "8617895eb798b6bdb338321ce19453dc113e5675",
                "shasum": ""
            },
            "require": {
                "php": ">=5.5.9"
            },
            "type": "library",
            "extra": {
                "branch-alias": {
                    "dev-master": "3.0-dev"
                }
            },
            "autoload": {
                "psr-4": {
                    "Symfony\\Component\\Finder\\": ""
                },
                "exclude-from-classmap": [
                    "/Tests/"
                ]
            },
            "notification-url": "https://packagist.org/downloads/",
            "license": [
                "MIT"
            ],
            "authors": [
                {
                    "name": "Fabien Potencier",
                    "email": "fabien@symfony.com"
                },
                {
                    "name": "Symfony Community",
                    "homepage": "https://symfony.com/contributors"
                }
            ],
            "description": "Symfony Finder Component",
            "homepage": "https://symfony.com",
            "time": "2015-12-05 11:13:14"
        },
        {
            "name": "symfony/http-foundation",
            "version": "3.0.x-dev",
            "source": {
                "type": "git",
                "url": "https://github.com/symfony/http-foundation.git",
                "reference": "939c8c28a5b1e4ab7317bc30c1f9aa881c4b06b5"
            },
            "dist": {
                "type": "zip",
                "url": "https://api.github.com/repos/symfony/http-foundation/zipball/937540ad69d3e578535d80ce48dbdfba2e1d7b93",
                "reference": "939c8c28a5b1e4ab7317bc30c1f9aa881c4b06b5",
                "shasum": ""
            },
            "require": {
                "php": ">=5.5.9"
            },
            "require-dev": {
                "symfony/expression-language": "~2.8|~3.0"
            },
            "type": "library",
            "extra": {
                "branch-alias": {
                    "dev-master": "3.0-dev"
                }
            },
            "autoload": {
                "psr-4": {
                    "Symfony\\Component\\HttpFoundation\\": ""
                },
                "exclude-from-classmap": [
                    "/Tests/"
                ]
            },
            "notification-url": "https://packagist.org/downloads/",
            "license": [
                "MIT"
            ],
            "authors": [
                {
                    "name": "Fabien Potencier",
                    "email": "fabien@symfony.com"
                },
                {
                    "name": "Symfony Community",
                    "homepage": "https://symfony.com/contributors"
                }
            ],
            "description": "Symfony HttpFoundation Component",
            "homepage": "https://symfony.com",
            "time": "2015-12-18 15:43:53"
        },
        {
            "name": "symfony/http-kernel",
            "version": "3.0.x-dev",
            "source": {
                "type": "git",
                "url": "https://github.com/symfony/http-kernel.git",
                "reference": "90a46805ab8cafc9e22327a54a9a8126ef71dc57"
            },
            "dist": {
                "type": "zip",
                "url": "https://api.github.com/repos/symfony/http-kernel/zipball/ea1b85512d2d6c95f83a443ba45769586884a17a",
                "reference": "90a46805ab8cafc9e22327a54a9a8126ef71dc57",
                "shasum": ""
            },
            "require": {
                "php": ">=5.5.9",
                "psr/log": "~1.0",
                "symfony/debug": "~2.8|~3.0",
                "symfony/event-dispatcher": "~2.8|~3.0",
                "symfony/http-foundation": "~2.8|~3.0"
            },
            "conflict": {
                "symfony/config": "<2.8"
            },
            "require-dev": {
                "symfony/browser-kit": "~2.8|~3.0",
                "symfony/class-loader": "~2.8|~3.0",
                "symfony/config": "~2.8|~3.0",
                "symfony/console": "~2.8|~3.0",
                "symfony/css-selector": "~2.8|~3.0",
                "symfony/dependency-injection": "~2.8|~3.0",
                "symfony/dom-crawler": "~2.8|~3.0",
                "symfony/expression-language": "~2.8|~3.0",
                "symfony/finder": "~2.8|~3.0",
                "symfony/process": "~2.8|~3.0",
                "symfony/routing": "~2.8|~3.0",
                "symfony/stopwatch": "~2.8|~3.0",
                "symfony/templating": "~2.8|~3.0",
                "symfony/translation": "~2.8|~3.0",
                "symfony/var-dumper": "~2.8|~3.0"
            },
            "suggest": {
                "symfony/browser-kit": "",
                "symfony/class-loader": "",
                "symfony/config": "",
                "symfony/console": "",
                "symfony/dependency-injection": "",
                "symfony/finder": "",
                "symfony/var-dumper": ""
            },
            "type": "library",
            "extra": {
                "branch-alias": {
                    "dev-master": "3.0-dev"
                }
            },
            "autoload": {
                "psr-4": {
                    "Symfony\\Component\\HttpKernel\\": ""
                },
                "exclude-from-classmap": [
                    "/Tests/"
                ]
            },
            "notification-url": "https://packagist.org/downloads/",
            "license": [
                "MIT"
            ],
            "authors": [
                {
                    "name": "Fabien Potencier",
                    "email": "fabien@symfony.com"
                },
                {
                    "name": "Symfony Community",
                    "homepage": "https://symfony.com/contributors"
                }
            ],
            "description": "Symfony HttpKernel Component",
            "homepage": "https://symfony.com",
            "time": "2015-12-18 16:22:11"
        },
        {
            "name": "symfony/polyfill-mbstring",
            "version": "dev-master",
            "source": {
                "type": "git",
                "url": "https://github.com/symfony/polyfill-mbstring.git",
                "reference": "49ff736bd5d41f45240cec77b44967d76e0c3d25"
            },
            "dist": {
                "type": "zip",
                "url": "https://api.github.com/repos/symfony/polyfill-mbstring/zipball/49ff736bd5d41f45240cec77b44967d76e0c3d25",
                "reference": "49ff736bd5d41f45240cec77b44967d76e0c3d25",
                "shasum": ""
            },
            "require": {
                "php": ">=5.3.3"
            },
            "suggest": {
                "ext-mbstring": "For best performance"
            },
            "type": "library",
            "extra": {
                "branch-alias": {
                    "dev-master": "1.0-dev"
                }
            },
            "autoload": {
                "psr-4": {
                    "Symfony\\Polyfill\\Mbstring\\": ""
                },
                "files": [
                    "bootstrap.php"
                ]
            },
            "notification-url": "https://packagist.org/downloads/",
            "license": [
                "MIT"
            ],
            "authors": [
                {
                    "name": "Nicolas Grekas",
                    "email": "p@tchwork.com"
                },
                {
                    "name": "Symfony Community",
                    "homepage": "https://symfony.com/contributors"
                }
            ],
            "description": "Symfony polyfill for the Mbstring extension",
            "homepage": "https://symfony.com",
            "keywords": [
                "compatibility",
                "mbstring",
                "polyfill",
                "portable",
                "shim"
            ],
            "time": "2015-11-20 09:19:13"
        },
        {
            "name": "symfony/routing",
            "version": "3.0.x-dev",
            "source": {
                "type": "git",
                "url": "https://github.com/symfony/routing.git",
                "reference": "3b1bac52f42cb0f54df1a2dbabd55a1d214e2a59"
            },
            "dist": {
                "type": "zip",
                "url": "https://api.github.com/repos/symfony/routing/zipball/13b1cca9e354fce3b282a411c45cbea0a21a12f8",
                "reference": "3b1bac52f42cb0f54df1a2dbabd55a1d214e2a59",
                "shasum": ""
            },
            "require": {
                "php": ">=5.5.9"
            },
            "conflict": {
                "symfony/config": "<2.8"
            },
            "require-dev": {
                "doctrine/annotations": "~1.0",
                "doctrine/common": "~2.2",
                "psr/log": "~1.0",
                "symfony/config": "~2.8|~3.0",
                "symfony/expression-language": "~2.8|~3.0",
                "symfony/http-foundation": "~2.8|~3.0",
                "symfony/yaml": "~2.8|~3.0"
            },
            "suggest": {
                "doctrine/annotations": "For using the annotation loader",
                "symfony/config": "For using the all-in-one router or any loader",
                "symfony/dependency-injection": "For loading routes from a service",
                "symfony/expression-language": "For using expression matching",
                "symfony/yaml": "For using the YAML loader"
            },
            "type": "library",
            "extra": {
                "branch-alias": {
                    "dev-master": "3.0-dev"
                }
            },
            "autoload": {
                "psr-4": {
                    "Symfony\\Component\\Routing\\": ""
                },
                "exclude-from-classmap": [
                    "/Tests/"
                ]
            },
            "notification-url": "https://packagist.org/downloads/",
            "license": [
                "MIT"
            ],
            "authors": [
                {
                    "name": "Fabien Potencier",
                    "email": "fabien@symfony.com"
                },
                {
                    "name": "Symfony Community",
                    "homepage": "https://symfony.com/contributors"
                }
            ],
            "description": "Symfony Routing Component",
            "homepage": "https://symfony.com",
            "keywords": [
                "router",
                "routing",
                "uri",
                "url"
            ],
            "time": "2015-12-23 08:00:11"
        },
        {
            "name": "symfony/translation",
            "version": "dev-master",
            "source": {
                "type": "git",
                "url": "https://github.com/symfony/translation.git",
                "reference": "2bda1138cccb5ad1295cd09de37dc189ff05f368"
            },
            "dist": {
                "type": "zip",
                "url": "https://api.github.com/repos/symfony/translation/zipball/2bda1138cccb5ad1295cd09de37dc189ff05f368",
                "reference": "2bda1138cccb5ad1295cd09de37dc189ff05f368",
                "shasum": ""
            },
            "require": {
                "php": ">=5.5.9",
                "symfony/polyfill-mbstring": "~1.0"
            },
            "conflict": {
                "symfony/config": "<2.8"
            },
            "require-dev": {
                "psr/log": "~1.0",
                "symfony/config": "~2.8|~3.0",
                "symfony/intl": "~2.8|~3.0",
                "symfony/yaml": "~2.8|~3.0"
            },
            "suggest": {
                "psr/log": "To use logging capability in translator",
                "symfony/config": "",
                "symfony/yaml": ""
            },
            "type": "library",
            "extra": {
                "branch-alias": {
                    "dev-master": "3.1-dev"
                }
            },
            "autoload": {
                "psr-4": {
                    "Symfony\\Component\\Translation\\": ""
                },
                "exclude-from-classmap": [
                    "/Tests/"
                ]
            },
            "notification-url": "https://packagist.org/downloads/",
            "license": [
                "MIT"
            ],
            "authors": [
                {
                    "name": "Fabien Potencier",
                    "email": "fabien@symfony.com"
                },
                {
                    "name": "Symfony Community",
                    "homepage": "https://symfony.com/contributors"
                }
            ],
            "description": "Symfony Translation Component",
            "homepage": "https://symfony.com",
            "time": "2015-12-05 17:45:25"
        }
    ],
    "packages-dev": [],
    "aliases": [],
    "minimum-stability": "dev",
    "stability-flags": {
        "illuminate/config": 20
    },
    "prefer-stable": false,
    "prefer-lowest": false,
    "platform": [],
    "platform-dev": []
}
